
Microsoft Visual Studio Solution File, Format Version 12.00
# Visual Studio Version 17
VisualStudioVersion = 17.12.35527.113 d17.12
MinimumVisualStudioVersion = 10.0.40219.1
Project("{FAE04EC0-301F-11D3-BF4B-00C04F79EFBC}") = "App8.Android", "App8.Android\App8.Android.csproj", "{042CC594-DF97-4A90-9D7C-2F84B2F44E0F}"
EndProject
Project("{FAE04EC0-301F-11D3-BF4B-00C04F79EFBC}") = "App8", "App8\App8.csproj", "{BE52FE09-2B37-4514-A2D2-549B6F59BC6A}"
EndProject
Project("{2150E333-8FDC-42A3-9474-1A3956D46DE8}") = "Элементы решения", "Элементы решения", "{5E886EAF-7FC1-4413-9EFC-9CBA925D18DF}"
	ProjectSection(SolutionItems) = preProject
		Style.css = Style.css
	EndProjectSection
EndProject
Global
	GlobalSection(SolutionConfigurationPlatforms) = preSolution
		Debug|Any CPU = Debug|Any CPU
		Release|Any CPU = Release|Any CPU
	EndGlobalSection
	GlobalSection(ProjectConfigurationPlatforms) = postSolution
		{042CC594-DF97-4A90-9D7C-2F84B2F44E0F}.Debug|Any CPU.ActiveCfg = Debug|Any CPU
		{042CC594-DF97-4A90-9D7C-2F84B2F44E0F}.Debug|Any CPU.Build.0 = Debug|Any CPU
		{042CC594-DF97-4A90-9D7C-2F84B2F44E0F}.Debug|Any CPU.Deploy.0 = Debug|Any CPU
		{042CC594-DF97-4A90-9D7C-2F84B2F44E0F}.Release|Any CPU.ActiveCfg = Release|Any CPU
		{042CC594-DF97-4A90-9D7C-2F84B2F44E0F}.Release|Any CPU.Build.0 = Release|Any CPU
		{042CC594-DF97-4A90-9D7C-2F84B2F44E0F}.Release|Any CPU.Deploy.0 = Release|Any CPU
		{BE52FE09-2B37-4514-A2D2-549B6F59BC6A}.Debug|Any CPU.ActiveCfg = Debug|Any CPU
		{BE52FE09-2B37-4514-A2D2-549B6F59BC6A}.Debug|Any CPU.Build.0 = Debug|Any CPU
		{BE52FE09-2B37-4514-A2D2-549B6F59BC6A}.Debug|Any CPU.Deploy.0 = Debug|Any CPU
		{BE52FE09-2B37-4514-A2D2-549B6F59BC6A}.Release|Any CPU.ActiveCfg = Release|Any CPU
		{BE52FE09-2B37-4514-A2D2-549B6F59BC6A}.Release|Any CPU.Build.0 = Release|Any CPU
		{BE52FE09-2B37-4514-A2D2-549B6F59BC6A}.Release|Any CPU.Deploy.0 = Release|Any CPU
	EndGlobalSection
	GlobalSection(SolutionProperties) = preSolution
		HideSolutionNode = FALSE
	EndGlobalSection
EndGlobal
